
Microsoft Visual Studio Solution File, Format Version 12.00
# Visual Studio Version 16
VisualStudioVersion = 16.0.31729.503
MinimumVisualStudioVersion = 10.0.40219.1
Project("{FAE04EC0-301F-11D3-BF4B-00C04F79EFBC}") = "Omgevingsmonitor_configurator", "Omgevingsmonitor_configurator.csproj", "{EAA082DE-E07B-40A9-9CD5-B5DC65F78671}"
EndProject
Global
	GlobalSection(SolutionConfigurationPlatforms) = preSolution
		Debug|Any CPU = Debug|Any CPU
		Release|Any CPU = Release|Any CPU
	EndGlobalSection
	GlobalSection(ProjectConfigurationPlatforms) = postSolution
		{EAA082DE-E07B-40A9-9CD5-B5DC65F78671}.Debug|Any CPU.ActiveCfg = Debug|Any CPU
		{EAA082DE-E07B-40A9-9CD5-B5DC65F78671}.Debug|Any CPU.Build.0 = Debug|Any CPU
		{EAA082DE-E07B-40A9-9CD5-B5DC65F78671}.Release|Any CPU.ActiveCfg = Release|Any CPU
		{EAA082DE-E07B-40A9-9CD5-B5DC65F78671}.Release|Any CPU.Build.0 = Release|Any CPU
	EndGlobalSection
	GlobalSection(SolutionProperties) = preSolution
		HideSolutionNode = FALSE
	EndGlobalSection
	GlobalSection(ExtensibilityGlobals) = postSolution
		SolutionGuid = {5CBB1C5D-F3A6-4F44-A014-9BA925B2BC17}
	EndGlobalSection
EndGlobal
